
Microsoft Visual Studio Solution File, Format Version 12.00
# Visual Studio Version 17
VisualStudioVersion = 17.5.33530.505
MinimumVisualStudioVersion = 10.0.40219.1
Project("{9A19103F-16F7-4668-BE54-9A1E7A4F7556}") = "testcentric.extensibility", "src\testcentric.extensibility\testcentric.extensibility.csproj", "{885A9279-CED3-4007-A6E8-AC0D33E2C929}"
EndProject
Project("{9A19103F-16F7-4668-BE54-9A1E7A4F7556}") = "testcentric.extensibility.tests", "src\testcentric.extensibility.tests\testcentric.extensibility.tests.csproj", "{DD83C188-C0A1-415D-BFB5-A1771282D38B}"
EndProject
Project("{2150E333-8FDC-42A3-9474-1A3956D46DE8}") = "Solution Items", "Solution Items", "{5BF7211F-5504-465B-AAB8-E73860BD6A11}"
	ProjectSection(SolutionItems) = preProject
		.gitignore = .gitignore
		appveyor.yml = appveyor.yml
		build.cake = build.cake
		build.cmd = build.cmd
		build.ps1 = build.ps1
		build.sh = build.sh
		GitVersion.yml = GitVersion.yml
		NuGet.config = NuGet.config
		README.md = README.md
		LICENSE.txt = LICENSE.txt
		versioning.cake = versioning.cake
	EndProjectSection
EndProject
Global
	GlobalSection(SolutionConfigurationPlatforms) = preSolution
		Debug|Any CPU = Debug|Any CPU
		Release|Any CPU = Release|Any CPU
	EndGlobalSection
	GlobalSection(ProjectConfigurationPlatforms) = postSolution
		{885A9279-CED3-4007-A6E8-AC0D33E2C929}.Debug|Any CPU.ActiveCfg = Debug|Any CPU
		{885A9279-CED3-4007-A6E8-AC0D33E2C929}.Debug|Any CPU.Build.0 = Debug|Any CPU
		{885A9279-CED3-4007-A6E8-AC0D33E2C929}.Release|Any CPU.ActiveCfg = Release|Any CPU
		{885A9279-CED3-4007-A6E8-AC0D33E2C929}.Release|Any CPU.Build.0 = Release|Any CPU
		{DD83C188-C0A1-415D-BFB5-A1771282D38B}.Debug|Any CPU.ActiveCfg = Debug|Any CPU
		{DD83C188-C0A1-415D-BFB5-A1771282D38B}.Debug|Any CPU.Build.0 = Debug|Any CPU
		{DD83C188-C0A1-415D-BFB5-A1771282D38B}.Release|Any CPU.ActiveCfg = Release|Any CPU
		{DD83C188-C0A1-415D-BFB5-A1771282D38B}.Release|Any CPU.Build.0 = Release|Any CPU
	EndGlobalSection
	GlobalSection(SolutionProperties) = preSolution
		HideSolutionNode = FALSE
	EndGlobalSection
	GlobalSection(ExtensibilityGlobals) = postSolution
		SolutionGuid = {54FED299-6522-4CCF-BB89-97862E41F14A}
	EndGlobalSection
EndGlobal
